{
  "name": "js-animation",
  "version": "1.0.0",
  "lockfileVersion": 1,
  "requires": true,
  "dependencies": {
    "@popmotion/easing": {
      "version": "1.0.1",
      "resolved": "https://registry.npmjs.org/@popmotion/easing/-/easing-1.0.1.tgz",
      "integrity": "sha512-NbIEz9mZAem0F0sjg2v57LbU9Y2Xc50QEX434jYrwEQzXJuJipyUV48Qz4hjHqbB/8xiUj0JMQfRvP8K9nUbxg=="
    },
    "framesync": {
      "version": "3.1.9",
      "resolved": "https://registry.npmjs.org/framesync/-/framesync-3.1.9.tgz",
      "integrity": "sha512-avNik/k8Wy0r+A2LkoS+4mBb9PoamhBni2u64gRgs5kc1YrApshw6vDL0tqWxdqcUOXSSg6gI9oN0l0GN/FFjA=="
    },
    "hey-listen": {
      "version": "1.0.5",
      "resolved": "https://registry.npmjs.org/hey-listen/-/hey-listen-1.0.5.tgz",
      "integrity": "sha512-O2iCNxBBGb4hOxL9tUdnoPwDYmZhQ29t5xKV74BVZNdvwCDXCpVYTJ4yoaibc1V0I8Yw3K3nwmvDpoyjnCqUaw=="
    },
    "popmotion": {
      "version": "8.3.8",
      "resolved": "https://registry.npmjs.org/popmotion/-/popmotion-8.3.8.tgz",
      "integrity": "sha512-DoV9OkavQbRyciNBkGYPGBHzJ88s/yBdfJHrv2Bb0+hqMK2p2D+huWSlsTfL/Aiyp+buVmriZ+okHHvrJYQwsw==",
      "requires": {
        "@popmotion/easing": "1.0.1",
        "framesync": "3.1.9",
        "hey-listen": "1.0.5",
        "style-value-types": "3.0.7",
        "stylefire": "2.0.7",
        "tslib": "1.9.3"
      }
    },
    "style-value-types": {
      "version": "3.0.7",
      "resolved": "https://registry.npmjs.org/style-value-types/-/style-value-types-3.0.7.tgz",
      "integrity": "sha512-7vzeicDiPNnJjvTYfJbQhZ7P3OCkXfvkJOJQ+ifFnXNTA/7KBxMZacHLvlRjM5/TtXbVdrZE6u+2nzSUSPrbSQ=="
    },
    "stylefire": {
      "version": "2.0.7",
      "resolved": "https://registry.npmjs.org/stylefire/-/stylefire-2.0.7.tgz",
      "integrity": "sha512-jKzMP73SVpiDy7L5+nm20SUAd2LJ3CKiGfpvn3cAQKLlztRoe0F7PnDApA4TxWsAwQvjvYrkv0i+BvJ1eUCf/w==",
      "requires": {
        "framesync": "3.1.9",
        "hey-listen": "1.0.5",
        "style-value-types": "3.0.7",
        "tslib": "1.9.3"
      }
    },
    "tslib": {
      "version": "1.9.3",
      "resolved": "https://registry.npmjs.org/tslib/-/tslib-1.9.3.tgz",
      "integrity": "sha512-4krF8scpejhaOgqzBEcGM7yDIEfi0/8+8zDRZhNZZ2kjmHJ4hv3zCbQWxoJGz1iw5U0Jl0nma13xzHXcncMavQ=="
    }
  }
}
